
Microsoft Visual Studio Solution File, Format Version 12.00
# Visual Studio Version 16
VisualStudioVersion = 16.0.30907.101
MinimumVisualStudioVersion = 10.0.40219.1
Project("{FAE04EC0-301F-11D3-BF4B-00C04F79EFBC}") = "test", "test\test.csproj", "{2612B6B7-9869-4096-90AB-F595AD82FE92}"
EndProject
Global
	GlobalSection(SolutionConfigurationPlatforms) = preSolution
		Debug|Any CPU = Debug|Any CPU
		Release|Any CPU = Release|Any CPU
	EndGlobalSection
	GlobalSection(ProjectConfigurationPlatforms) = postSolution
		{2612B6B7-9869-4096-90AB-F595AD82FE92}.Debug|Any CPU.ActiveCfg = Debug|Any CPU
		{2612B6B7-9869-4096-90AB-F595AD82FE92}.Debug|Any CPU.Build.0 = Debug|Any CPU
		{2612B6B7-9869-4096-90AB-F595AD82FE92}.Release|Any CPU.ActiveCfg = Release|Any CPU
		{2612B6B7-9869-4096-90AB-F595AD82FE92}.Release|Any CPU.Build.0 = Release|Any CPU
	EndGlobalSection
	GlobalSection(SolutionProperties) = preSolution
		HideSolutionNode = FALSE
	EndGlobalSection
	GlobalSection(ExtensibilityGlobals) = postSolution
		SolutionGuid = {72201133-5BEA-4DAE-BE8D-6566BE86BDB8}
	EndGlobalSection
EndGlobal
